
Microsoft Visual Studio Solution File, Format Version 12.00
# Visual Studio 14
VisualStudioVersion = 14.0.25123.0
MinimumVisualStudioVersion = 10.0.40219.1
Project("{2150E333-8FDC-42A3-9474-1A3956D46DE8}") = "1.0 - Core", "1.0 - Core", "{1BAAC16A-22ED-4760-AC06-2F404A9136B6}"
EndProject
Project("{FAE04EC0-301F-11D3-BF4B-00C04F79EFBC}") = "Core.Common", "Core.Common\Core.Common.csproj", "{84332648-8EC6-4BB4-A3B4-62F698027690}"
EndProject
Project("{2150E333-8FDC-42A3-9474-1A3956D46DE8}") = "2.0 - Domain", "2.0 - Domain", "{915B0BB1-1904-4958-A84C-2B6C1BE5B40D}"
EndProject
Project("{FAE04EC0-301F-11D3-BF4B-00C04F79EFBC}") = "Domain.MasterData", "Domain.MasterData\Domain.MasterData.csproj", "{52C106AD-6C45-406A-8A26-6C1453799C52}"
EndProject
Project("{FAE04EC0-301F-11D3-BF4B-00C04F79EFBC}") = "Domain.CrossCutting", "Domain.CrossCutting\Domain.CrossCutting.csproj", "{44CB1C9C-6E18-4FD7-9B35-2EECD9102702}"
EndProject
Project("{2150E333-8FDC-42A3-9474-1A3956D46DE8}") = "3.0 - Data", "3.0 - Data", "{4FE41A60-94A7-408C-968F-0C126CC929EB}"
EndProject
Project("{2150E333-8FDC-42A3-9474-1A3956D46DE8}") = "4.0 - Business Logic", "4.0 - Business Logic", "{0183EBAD-DF90-4219-8212-EDA64347829F}"
EndProject
Project("{FAE04EC0-301F-11D3-BF4B-00C04F79EFBC}") = "TennisStoreTests", "TennisStoreTests\TennisStoreTests.csproj", "{BD75D4B9-5C6C-488F-8D4D-1977BE2B9AF3}"
EndProject
Project("{2150E333-8FDC-42A3-9474-1A3956D46DE8}") = "6.0 - Tests", "6.0 - Tests", "{2CD30625-AED7-4774-886F-E5AE1ECE9CB7}"
EndProject
Project("{FAE04EC0-301F-11D3-BF4B-00C04F79EFBC}") = "TestHelpers", "TestHelpers\TestHelpers.csproj", "{80451320-82B2-4EA5-B377-7F616144C45A}"
EndProject
Project("{FAE04EC0-301F-11D3-BF4B-00C04F79EFBC}") = "Data.Configuration", "Data.Configuration\Data.Configuration.csproj", "{43060D64-6F59-4189-940E-686E63E56C14}"
EndProject
Project("{FAE04EC0-301F-11D3-BF4B-00C04F79EFBC}") = "Data.Contracts", "Data.Contracts\Data.Contracts.csproj", "{2C587295-3FE6-421F-9733-4379A18E26CD}"
EndProject
Project("{FAE04EC0-301F-11D3-BF4B-00C04F79EFBC}") = "Data.Caching", "Data.Caching\Data.Caching.csproj", "{58911CD0-1376-407E-B49E-C15D3F59171B}"
EndProject
Project("{FAE04EC0-301F-11D3-BF4B-00C04F79EFBC}") = "Business.Contracts", "Business.Contracts\Business.Contracts.csproj", "{3087C5D9-0BCB-4B40-8DB1-2B27D5F02074}"
EndProject
Project("{FAE04EC0-301F-11D3-BF4B-00C04F79EFBC}") = "Business.MasterData", "Business.MasterData\Business.MasterData.csproj", "{865C364B-8B0E-441E-BF5F-289F1AA4654D}"
EndProject
Global
	GlobalSection(SolutionConfigurationPlatforms) = preSolution
		Debug|Any CPU = Debug|Any CPU
		Release|Any CPU = Release|Any CPU
	EndGlobalSection
	GlobalSection(ProjectConfigurationPlatforms) = postSolution
		{84332648-8EC6-4BB4-A3B4-62F698027690}.Debug|Any CPU.ActiveCfg = Debug|Any CPU
		{84332648-8EC6-4BB4-A3B4-62F698027690}.Debug|Any CPU.Build.0 = Debug|Any CPU
		{84332648-8EC6-4BB4-A3B4-62F698027690}.Release|Any CPU.ActiveCfg = Release|Any CPU
		{84332648-8EC6-4BB4-A3B4-62F698027690}.Release|Any CPU.Build.0 = Release|Any CPU
		{52C106AD-6C45-406A-8A26-6C1453799C52}.Debug|Any CPU.ActiveCfg = Debug|Any CPU
		{52C106AD-6C45-406A-8A26-6C1453799C52}.Debug|Any CPU.Build.0 = Debug|Any CPU
		{52C106AD-6C45-406A-8A26-6C1453799C52}.Release|Any CPU.ActiveCfg = Release|Any CPU
		{52C106AD-6C45-406A-8A26-6C1453799C52}.Release|Any CPU.Build.0 = Release|Any CPU
		{44CB1C9C-6E18-4FD7-9B35-2EECD9102702}.Debug|Any CPU.ActiveCfg = Debug|Any CPU
		{44CB1C9C-6E18-4FD7-9B35-2EECD9102702}.Debug|Any CPU.Build.0 = Debug|Any CPU
		{44CB1C9C-6E18-4FD7-9B35-2EECD9102702}.Release|Any CPU.ActiveCfg = Release|Any CPU
		{44CB1C9C-6E18-4FD7-9B35-2EECD9102702}.Release|Any CPU.Build.0 = Release|Any CPU
		{BD75D4B9-5C6C-488F-8D4D-1977BE2B9AF3}.Debug|Any CPU.ActiveCfg = Debug|Any CPU
		{BD75D4B9-5C6C-488F-8D4D-1977BE2B9AF3}.Debug|Any CPU.Build.0 = Debug|Any CPU
		{BD75D4B9-5C6C-488F-8D4D-1977BE2B9AF3}.Release|Any CPU.ActiveCfg = Release|Any CPU
		{BD75D4B9-5C6C-488F-8D4D-1977BE2B9AF3}.Release|Any CPU.Build.0 = Release|Any CPU
		{80451320-82B2-4EA5-B377-7F616144C45A}.Debug|Any CPU.ActiveCfg = Debug|Any CPU
		{80451320-82B2-4EA5-B377-7F616144C45A}.Debug|Any CPU.Build.0 = Debug|Any CPU
		{80451320-82B2-4EA5-B377-7F616144C45A}.Release|Any CPU.ActiveCfg = Release|Any CPU
		{80451320-82B2-4EA5-B377-7F616144C45A}.Release|Any CPU.Build.0 = Release|Any CPU
		{43060D64-6F59-4189-940E-686E63E56C14}.Debug|Any CPU.ActiveCfg = Debug|Any CPU
		{43060D64-6F59-4189-940E-686E63E56C14}.Debug|Any CPU.Build.0 = Debug|Any CPU
		{43060D64-6F59-4189-940E-686E63E56C14}.Release|Any CPU.ActiveCfg = Release|Any CPU
		{43060D64-6F59-4189-940E-686E63E56C14}.Release|Any CPU.Build.0 = Release|Any CPU
		{2C587295-3FE6-421F-9733-4379A18E26CD}.Debug|Any CPU.ActiveCfg = Debug|Any CPU
		{2C587295-3FE6-421F-9733-4379A18E26CD}.Debug|Any CPU.Build.0 = Debug|Any CPU
		{2C587295-3FE6-421F-9733-4379A18E26CD}.Release|Any CPU.ActiveCfg = Release|Any CPU
		{2C587295-3FE6-421F-9733-4379A18E26CD}.Release|Any CPU.Build.0 = Release|Any CPU
		{58911CD0-1376-407E-B49E-C15D3F59171B}.Debug|Any CPU.ActiveCfg = Debug|Any CPU
		{58911CD0-1376-407E-B49E-C15D3F59171B}.Debug|Any CPU.Build.0 = Debug|Any CPU
		{58911CD0-1376-407E-B49E-C15D3F59171B}.Release|Any CPU.ActiveCfg = Release|Any CPU
		{58911CD0-1376-407E-B49E-C15D3F59171B}.Release|Any CPU.Build.0 = Release|Any CPU
		{3087C5D9-0BCB-4B40-8DB1-2B27D5F02074}.Debug|Any CPU.ActiveCfg = Debug|Any CPU
		{3087C5D9-0BCB-4B40-8DB1-2B27D5F02074}.Debug|Any CPU.Build.0 = Debug|Any CPU
		{3087C5D9-0BCB-4B40-8DB1-2B27D5F02074}.Release|Any CPU.ActiveCfg = Release|Any CPU
		{3087C5D9-0BCB-4B40-8DB1-2B27D5F02074}.Release|Any CPU.Build.0 = Release|Any CPU
		{865C364B-8B0E-441E-BF5F-289F1AA4654D}.Debug|Any CPU.ActiveCfg = Debug|Any CPU
		{865C364B-8B0E-441E-BF5F-289F1AA4654D}.Debug|Any CPU.Build.0 = Debug|Any CPU
		{865C364B-8B0E-441E-BF5F-289F1AA4654D}.Release|Any CPU.ActiveCfg = Release|Any CPU
		{865C364B-8B0E-441E-BF5F-289F1AA4654D}.Release|Any CPU.Build.0 = Release|Any CPU
	EndGlobalSection
	GlobalSection(SolutionProperties) = preSolution
		HideSolutionNode = FALSE
	EndGlobalSection
	GlobalSection(NestedProjects) = preSolution
		{84332648-8EC6-4BB4-A3B4-62F698027690} = {1BAAC16A-22ED-4760-AC06-2F404A9136B6}
		{52C106AD-6C45-406A-8A26-6C1453799C52} = {915B0BB1-1904-4958-A84C-2B6C1BE5B40D}
		{44CB1C9C-6E18-4FD7-9B35-2EECD9102702} = {915B0BB1-1904-4958-A84C-2B6C1BE5B40D}
		{BD75D4B9-5C6C-488F-8D4D-1977BE2B9AF3} = {2CD30625-AED7-4774-886F-E5AE1ECE9CB7}
		{80451320-82B2-4EA5-B377-7F616144C45A} = {2CD30625-AED7-4774-886F-E5AE1ECE9CB7}
		{43060D64-6F59-4189-940E-686E63E56C14} = {4FE41A60-94A7-408C-968F-0C126CC929EB}
		{2C587295-3FE6-421F-9733-4379A18E26CD} = {4FE41A60-94A7-408C-968F-0C126CC929EB}
		{58911CD0-1376-407E-B49E-C15D3F59171B} = {4FE41A60-94A7-408C-968F-0C126CC929EB}
		{3087C5D9-0BCB-4B40-8DB1-2B27D5F02074} = {0183EBAD-DF90-4219-8212-EDA64347829F}
		{865C364B-8B0E-441E-BF5F-289F1AA4654D} = {0183EBAD-DF90-4219-8212-EDA64347829F}
	EndGlobalSection
EndGlobal
